
Microsoft Visual Studio Solution File, Format Version 12.00
# Visual Studio 2015
Project("{FAE04EC0-301F-11D3-BF4B-00C04F79EFBC}") = "BAssignments.CSharp", "BAssignments.CSharp.csproj", "{83B66605-39EA-C28C-CB5C-40D2C586F846}"
EndProject
Project("{FAE04EC0-301F-11D3-BF4B-00C04F79EFBC}") = "BAssignments.CSharp.Editor", "BAssignments.CSharp.Editor.csproj", "{95701E5A-CAAB-FFC2-0A4F-8BD02D22F7F7}"
EndProject
Global
	GlobalSection(SolutionConfigurationPlatforms) = preSolution
		Debug|Any CPU = Debug|Any CPU
		Release|Any CPU = Release|Any CPU
	EndGlobalSection
	GlobalSection(ProjectConfigurationPlatforms) = postSolution
		{83B66605-39EA-C28C-CB5C-40D2C586F846}.Debug|Any CPU.ActiveCfg = Debug|Any CPU
		{83B66605-39EA-C28C-CB5C-40D2C586F846}.Debug|Any CPU.Build.0 = Debug|Any CPU
		{83B66605-39EA-C28C-CB5C-40D2C586F846}.Release|Any CPU.ActiveCfg = Release|Any CPU
		{83B66605-39EA-C28C-CB5C-40D2C586F846}.Release|Any CPU.Build.0 = Release|Any CPU
		{95701E5A-CAAB-FFC2-0A4F-8BD02D22F7F7}.Debug|Any CPU.ActiveCfg = Debug|Any CPU
		{95701E5A-CAAB-FFC2-0A4F-8BD02D22F7F7}.Debug|Any CPU.Build.0 = Debug|Any CPU
		{95701E5A-CAAB-FFC2-0A4F-8BD02D22F7F7}.Release|Any CPU.ActiveCfg = Release|Any CPU
		{95701E5A-CAAB-FFC2-0A4F-8BD02D22F7F7}.Release|Any CPU.Build.0 = Release|Any CPU
	EndGlobalSection
	GlobalSection(SolutionProperties) = preSolution
		HideSolutionNode = FALSE
	EndGlobalSection
EndGlobal
