
Microsoft Visual Studio Solution File, Format Version 12.00
# Visual Studio 2015
Project("{FAE04EC0-301F-11D3-BF4B-00C04F79EFBC}") = "B3_new.CSharp.Plugins", "B3_new.CSharp.Plugins.csproj", "{89A13D39-BE44-1A77-8F85-5A15A3451DDD}"
EndProject
Project("{FAE04EC0-301F-11D3-BF4B-00C04F79EFBC}") = "B3_new.CSharp", "B3_new.CSharp.csproj", "{79955415-E63B-786F-387B-AB4AB6DDDE43}"
EndProject
Project("{FAE04EC0-301F-11D3-BF4B-00C04F79EFBC}") = "B3_new.CSharp.Editor.Plugins", "B3_new.CSharp.Editor.Plugins.csproj", "{43B6B115-51DF-14BF-A5E1-8EE0F7765F5C}"
EndProject
Project("{FAE04EC0-301F-11D3-BF4B-00C04F79EFBC}") = "B3_new.CSharp.Editor", "B3_new.CSharp.Editor.csproj", "{90714EB0-A7F7-4846-08C8-07E0CF970D4F}"
EndProject
Global
	GlobalSection(SolutionConfigurationPlatforms) = preSolution
		Debug|Any CPU = Debug|Any CPU
		Release|Any CPU = Release|Any CPU
	EndGlobalSection
	GlobalSection(ProjectConfigurationPlatforms) = postSolution
		{89A13D39-BE44-1A77-8F85-5A15A3451DDD}.Debug|Any CPU.ActiveCfg = Debug|Any CPU
		{89A13D39-BE44-1A77-8F85-5A15A3451DDD}.Debug|Any CPU.Build.0 = Debug|Any CPU
		{89A13D39-BE44-1A77-8F85-5A15A3451DDD}.Release|Any CPU.ActiveCfg = Release|Any CPU
		{89A13D39-BE44-1A77-8F85-5A15A3451DDD}.Release|Any CPU.Build.0 = Release|Any CPU
		{79955415-E63B-786F-387B-AB4AB6DDDE43}.Debug|Any CPU.ActiveCfg = Debug|Any CPU
		{79955415-E63B-786F-387B-AB4AB6DDDE43}.Debug|Any CPU.Build.0 = Debug|Any CPU
		{79955415-E63B-786F-387B-AB4AB6DDDE43}.Release|Any CPU.ActiveCfg = Release|Any CPU
		{79955415-E63B-786F-387B-AB4AB6DDDE43}.Release|Any CPU.Build.0 = Release|Any CPU
		{43B6B115-51DF-14BF-A5E1-8EE0F7765F5C}.Debug|Any CPU.ActiveCfg = Debug|Any CPU
		{43B6B115-51DF-14BF-A5E1-8EE0F7765F5C}.Debug|Any CPU.Build.0 = Debug|Any CPU
		{43B6B115-51DF-14BF-A5E1-8EE0F7765F5C}.Release|Any CPU.ActiveCfg = Release|Any CPU
		{43B6B115-51DF-14BF-A5E1-8EE0F7765F5C}.Release|Any CPU.Build.0 = Release|Any CPU
		{90714EB0-A7F7-4846-08C8-07E0CF970D4F}.Debug|Any CPU.ActiveCfg = Debug|Any CPU
		{90714EB0-A7F7-4846-08C8-07E0CF970D4F}.Debug|Any CPU.Build.0 = Debug|Any CPU
		{90714EB0-A7F7-4846-08C8-07E0CF970D4F}.Release|Any CPU.ActiveCfg = Release|Any CPU
		{90714EB0-A7F7-4846-08C8-07E0CF970D4F}.Release|Any CPU.Build.0 = Release|Any CPU
	EndGlobalSection
	GlobalSection(SolutionProperties) = preSolution
		HideSolutionNode = FALSE
	EndGlobalSection
EndGlobal
